
Microsoft Visual Studio Solution File, Format Version 12.00
# Visual Studio Version 16
VisualStudioVersion = 16.0.29613.14
MinimumVisualStudioVersion = 10.0.40219.1
Project("{9A19103F-16F7-4668-BE54-9A1E7A4F7556}") = "Patterns", "Pattern1\Patterns.csproj", "{76615352-07E4-4917-901C-7A7B3877A150}"
EndProject
Project("{9A19103F-16F7-4668-BE54-9A1E7A4F7556}") = "GetData", "..\GetData\GetData.csproj", "{8CAC584A-5142-44BE-BF1B-1C645BAE270E}"
EndProject
Project("{9A19103F-16F7-4668-BE54-9A1E7A4F7556}") = "InterfaceAndInheritance", "..\InterfaceAndInheritance\InterfaceAndInheritance.csproj", "{FBE1E370-7BFB-44CA-A2B2-9B582E251011}"
EndProject
Project("{9A19103F-16F7-4668-BE54-9A1E7A4F7556}") = "OverloadingOverriding", "..\OverloadingOverriding\OverloadingOverriding.csproj", "{915E19F8-91FD-44AB-A463-D6965DD7FD75}"
EndProject
Project("{9A19103F-16F7-4668-BE54-9A1E7A4F7556}") = "Conversions", "..\Conversions\Conversions.csproj", "{2FFD1E06-6218-4960-A94E-67579DB2BAA9}"
EndProject
Project("{9A19103F-16F7-4668-BE54-9A1E7A4F7556}") = "InfixToPostfix", "..\InfixToPostfix\InfixToPostfix.csproj", "{D96A005D-7F68-47A5-A8CF-3FA9BCFFA6FB}"
EndProject
Project("{9A19103F-16F7-4668-BE54-9A1E7A4F7556}") = "InfixToPostfixBetter", "..\InfixToPostfixBetter\InfixToPostfixBetter.csproj", "{EE8D073E-C701-451D-8EE2-FB2B93400475}"
EndProject
Project("{9A19103F-16F7-4668-BE54-9A1E7A4F7556}") = "CollectionsExample", "..\CollectionsExample\CollectionsExample.csproj", "{3E70383D-A9BF-4171-BB2E-845B9CA458C2}"
EndProject
Project("{FAE04EC0-301F-11D3-BF4B-00C04F79EFBC}") = "NumberToWords", "..\NumberToWords\NumberToWords.csproj", "{5377F4C0-243F-4382-B71A-DA40143F3ED2}"
EndProject
Project("{FAE04EC0-301F-11D3-BF4B-00C04F79EFBC}") = "NumberToWordsUsingStrings", "..\NumberToWordsUsingStrings\NumberToWordsUsingStrings.csproj", "{D7482974-3690-4798-96B8-8A83CEABEAC7}"
EndProject
Global
	GlobalSection(SolutionConfigurationPlatforms) = preSolution
		Debug|Any CPU = Debug|Any CPU
		Release|Any CPU = Release|Any CPU
	EndGlobalSection
	GlobalSection(ProjectConfigurationPlatforms) = postSolution
		{76615352-07E4-4917-901C-7A7B3877A150}.Debug|Any CPU.ActiveCfg = Debug|Any CPU
		{76615352-07E4-4917-901C-7A7B3877A150}.Debug|Any CPU.Build.0 = Debug|Any CPU
		{76615352-07E4-4917-901C-7A7B3877A150}.Release|Any CPU.ActiveCfg = Release|Any CPU
		{76615352-07E4-4917-901C-7A7B3877A150}.Release|Any CPU.Build.0 = Release|Any CPU
		{8CAC584A-5142-44BE-BF1B-1C645BAE270E}.Debug|Any CPU.ActiveCfg = Debug|Any CPU
		{8CAC584A-5142-44BE-BF1B-1C645BAE270E}.Debug|Any CPU.Build.0 = Debug|Any CPU
		{8CAC584A-5142-44BE-BF1B-1C645BAE270E}.Release|Any CPU.ActiveCfg = Release|Any CPU
		{8CAC584A-5142-44BE-BF1B-1C645BAE270E}.Release|Any CPU.Build.0 = Release|Any CPU
		{FBE1E370-7BFB-44CA-A2B2-9B582E251011}.Debug|Any CPU.ActiveCfg = Debug|Any CPU
		{FBE1E370-7BFB-44CA-A2B2-9B582E251011}.Debug|Any CPU.Build.0 = Debug|Any CPU
		{FBE1E370-7BFB-44CA-A2B2-9B582E251011}.Release|Any CPU.ActiveCfg = Release|Any CPU
		{FBE1E370-7BFB-44CA-A2B2-9B582E251011}.Release|Any CPU.Build.0 = Release|Any CPU
		{915E19F8-91FD-44AB-A463-D6965DD7FD75}.Debug|Any CPU.ActiveCfg = Debug|Any CPU
		{915E19F8-91FD-44AB-A463-D6965DD7FD75}.Debug|Any CPU.Build.0 = Debug|Any CPU
		{915E19F8-91FD-44AB-A463-D6965DD7FD75}.Release|Any CPU.ActiveCfg = Release|Any CPU
		{915E19F8-91FD-44AB-A463-D6965DD7FD75}.Release|Any CPU.Build.0 = Release|Any CPU
		{2FFD1E06-6218-4960-A94E-67579DB2BAA9}.Debug|Any CPU.ActiveCfg = Debug|Any CPU
		{2FFD1E06-6218-4960-A94E-67579DB2BAA9}.Debug|Any CPU.Build.0 = Debug|Any CPU
		{2FFD1E06-6218-4960-A94E-67579DB2BAA9}.Release|Any CPU.ActiveCfg = Release|Any CPU
		{2FFD1E06-6218-4960-A94E-67579DB2BAA9}.Release|Any CPU.Build.0 = Release|Any CPU
		{D96A005D-7F68-47A5-A8CF-3FA9BCFFA6FB}.Debug|Any CPU.ActiveCfg = Debug|Any CPU
		{D96A005D-7F68-47A5-A8CF-3FA9BCFFA6FB}.Debug|Any CPU.Build.0 = Debug|Any CPU
		{D96A005D-7F68-47A5-A8CF-3FA9BCFFA6FB}.Release|Any CPU.ActiveCfg = Release|Any CPU
		{D96A005D-7F68-47A5-A8CF-3FA9BCFFA6FB}.Release|Any CPU.Build.0 = Release|Any CPU
		{EE8D073E-C701-451D-8EE2-FB2B93400475}.Debug|Any CPU.ActiveCfg = Debug|Any CPU
		{EE8D073E-C701-451D-8EE2-FB2B93400475}.Debug|Any CPU.Build.0 = Debug|Any CPU
		{EE8D073E-C701-451D-8EE2-FB2B93400475}.Release|Any CPU.ActiveCfg = Release|Any CPU
		{EE8D073E-C701-451D-8EE2-FB2B93400475}.Release|Any CPU.Build.0 = Release|Any CPU
		{3E70383D-A9BF-4171-BB2E-845B9CA458C2}.Debug|Any CPU.ActiveCfg = Debug|Any CPU
		{3E70383D-A9BF-4171-BB2E-845B9CA458C2}.Debug|Any CPU.Build.0 = Debug|Any CPU
		{3E70383D-A9BF-4171-BB2E-845B9CA458C2}.Release|Any CPU.ActiveCfg = Release|Any CPU
		{3E70383D-A9BF-4171-BB2E-845B9CA458C2}.Release|Any CPU.Build.0 = Release|Any CPU
		{5377F4C0-243F-4382-B71A-DA40143F3ED2}.Debug|Any CPU.ActiveCfg = Debug|Any CPU
		{5377F4C0-243F-4382-B71A-DA40143F3ED2}.Debug|Any CPU.Build.0 = Debug|Any CPU
		{5377F4C0-243F-4382-B71A-DA40143F3ED2}.Release|Any CPU.ActiveCfg = Release|Any CPU
		{5377F4C0-243F-4382-B71A-DA40143F3ED2}.Release|Any CPU.Build.0 = Release|Any CPU
		{D7482974-3690-4798-96B8-8A83CEABEAC7}.Debug|Any CPU.ActiveCfg = Debug|Any CPU
		{D7482974-3690-4798-96B8-8A83CEABEAC7}.Debug|Any CPU.Build.0 = Debug|Any CPU
		{D7482974-3690-4798-96B8-8A83CEABEAC7}.Release|Any CPU.ActiveCfg = Release|Any CPU
		{D7482974-3690-4798-96B8-8A83CEABEAC7}.Release|Any CPU.Build.0 = Release|Any CPU
	EndGlobalSection
	GlobalSection(SolutionProperties) = preSolution
		HideSolutionNode = FALSE
	EndGlobalSection
	GlobalSection(ExtensibilityGlobals) = postSolution
		SolutionGuid = {EC14EC0B-B5AA-4585-AD2D-89CEC877934E}
	EndGlobalSection
EndGlobal
